
Microsoft Visual Studio Solution File, Format Version 12.00
# Visual Studio Version 16
VisualStudioVersion = 16.0.30717.126
MinimumVisualStudioVersion = 10.0.40219.1
Project("{9A19103F-16F7-4668-BE54-9A1E7A4F7556}") = "01. Messaging", "01. Messaging\01. Messaging.csproj", "{5528A46B-6B41-4B36-B7EB-54D93C5810AB}"
EndProject
Project("{9A19103F-16F7-4668-BE54-9A1E7A4F7556}") = "02. CarRace", "02. CarRace\02. CarRace.csproj", "{C7042F5A-D098-466F-BB95-519E12E457D5}"
EndProject
Project("{9A19103F-16F7-4668-BE54-9A1E7A4F7556}") = "03.TakeSkipRope", "3.TakeSkipRope\03.TakeSkipRope.csproj", "{A8952241-4BB6-4221-BC47-7ACBB7EBC5CD}"
EndProject
Project("{9A19103F-16F7-4668-BE54-9A1E7A4F7556}") = "05.DrumSet", "04.MixedUpLists\05.DrumSet.csproj", "{494BD158-D214-4CFD-A78C-38BF446365AF}"
EndProject
Project("{FAE04EC0-301F-11D3-BF4B-00C04F79EFBC}") = "04. MixedUpLists", "04. MixedUpLists\04. MixedUpLists.csproj", "{AA64B766-7F6E-4590-ABE5-2CEEBF2E7547}"
EndProject
Global
	GlobalSection(SolutionConfigurationPlatforms) = preSolution
		Debug|Any CPU = Debug|Any CPU
		Release|Any CPU = Release|Any CPU
	EndGlobalSection
	GlobalSection(ProjectConfigurationPlatforms) = postSolution
		{5528A46B-6B41-4B36-B7EB-54D93C5810AB}.Debug|Any CPU.ActiveCfg = Debug|Any CPU
		{5528A46B-6B41-4B36-B7EB-54D93C5810AB}.Debug|Any CPU.Build.0 = Debug|Any CPU
		{5528A46B-6B41-4B36-B7EB-54D93C5810AB}.Release|Any CPU.ActiveCfg = Release|Any CPU
		{5528A46B-6B41-4B36-B7EB-54D93C5810AB}.Release|Any CPU.Build.0 = Release|Any CPU
		{C7042F5A-D098-466F-BB95-519E12E457D5}.Debug|Any CPU.ActiveCfg = Debug|Any CPU
		{C7042F5A-D098-466F-BB95-519E12E457D5}.Debug|Any CPU.Build.0 = Debug|Any CPU
		{C7042F5A-D098-466F-BB95-519E12E457D5}.Release|Any CPU.ActiveCfg = Release|Any CPU
		{C7042F5A-D098-466F-BB95-519E12E457D5}.Release|Any CPU.Build.0 = Release|Any CPU
		{A8952241-4BB6-4221-BC47-7ACBB7EBC5CD}.Debug|Any CPU.ActiveCfg = Debug|Any CPU
		{A8952241-4BB6-4221-BC47-7ACBB7EBC5CD}.Debug|Any CPU.Build.0 = Debug|Any CPU
		{A8952241-4BB6-4221-BC47-7ACBB7EBC5CD}.Release|Any CPU.ActiveCfg = Release|Any CPU
		{A8952241-4BB6-4221-BC47-7ACBB7EBC5CD}.Release|Any CPU.Build.0 = Release|Any CPU
		{494BD158-D214-4CFD-A78C-38BF446365AF}.Debug|Any CPU.ActiveCfg = Debug|Any CPU
		{494BD158-D214-4CFD-A78C-38BF446365AF}.Debug|Any CPU.Build.0 = Debug|Any CPU
		{494BD158-D214-4CFD-A78C-38BF446365AF}.Release|Any CPU.ActiveCfg = Release|Any CPU
		{494BD158-D214-4CFD-A78C-38BF446365AF}.Release|Any CPU.Build.0 = Release|Any CPU
		{AA64B766-7F6E-4590-ABE5-2CEEBF2E7547}.Debug|Any CPU.ActiveCfg = Debug|Any CPU
		{AA64B766-7F6E-4590-ABE5-2CEEBF2E7547}.Debug|Any CPU.Build.0 = Debug|Any CPU
		{AA64B766-7F6E-4590-ABE5-2CEEBF2E7547}.Release|Any CPU.ActiveCfg = Release|Any CPU
		{AA64B766-7F6E-4590-ABE5-2CEEBF2E7547}.Release|Any CPU.Build.0 = Release|Any CPU
	EndGlobalSection
	GlobalSection(SolutionProperties) = preSolution
		HideSolutionNode = FALSE
	EndGlobalSection
	GlobalSection(ExtensibilityGlobals) = postSolution
		SolutionGuid = {2F63F0F3-92C2-43C8-966D-D01D7C5C21BC}
	EndGlobalSection
EndGlobal
