
Microsoft Visual Studio Solution File, Format Version 12.00
# Visual Studio Version 16
VisualStudioVersion = 16.0.30717.126
MinimumVisualStudioVersion = 10.0.40219.1
Project("{9A19103F-16F7-4668-BE54-9A1E7A4F7556}") = "01. ExtractPersonInfo", "01. ExtractPersonInfo\01. ExtractPersonInfo.csproj", "{13049949-4178-49FB-8DC3-96AF0F53AE33}"
EndProject
Project("{9A19103F-16F7-4668-BE54-9A1E7A4F7556}") = "02. AsciiSumator", "02. AsciiSumator\02. AsciiSumator.csproj", "{A2BB49BA-846B-4318-A828-0B67C652D14D}"
EndProject
Project("{9A19103F-16F7-4668-BE54-9A1E7A4F7556}") = "03. TreasureFinder", "03. TreasureFinder\03. TreasureFinder.csproj", "{DC1FD45F-7397-43A5-BCF5-4FB93B79AFF5}"
EndProject
Project("{FAE04EC0-301F-11D3-BF4B-00C04F79EFBC}") = "04. MorseCodeTranslator", "04. MorseCodeTranslator\04. MorseCodeTranslator.csproj", "{56991B21-5D28-4E62-988F-E327B15C9CA7}"
EndProject
Project("{FAE04EC0-301F-11D3-BF4B-00C04F79EFBC}") = "05. HTML", "05. HTML\05. HTML.csproj", "{98770A2C-F534-48CB-A6ED-C221599E9AA6}"
EndProject
Global
	GlobalSection(SolutionConfigurationPlatforms) = preSolution
		Debug|Any CPU = Debug|Any CPU
		Release|Any CPU = Release|Any CPU
	EndGlobalSection
	GlobalSection(ProjectConfigurationPlatforms) = postSolution
		{13049949-4178-49FB-8DC3-96AF0F53AE33}.Debug|Any CPU.ActiveCfg = Debug|Any CPU
		{13049949-4178-49FB-8DC3-96AF0F53AE33}.Debug|Any CPU.Build.0 = Debug|Any CPU
		{13049949-4178-49FB-8DC3-96AF0F53AE33}.Release|Any CPU.ActiveCfg = Release|Any CPU
		{13049949-4178-49FB-8DC3-96AF0F53AE33}.Release|Any CPU.Build.0 = Release|Any CPU
		{A2BB49BA-846B-4318-A828-0B67C652D14D}.Debug|Any CPU.ActiveCfg = Debug|Any CPU
		{A2BB49BA-846B-4318-A828-0B67C652D14D}.Debug|Any CPU.Build.0 = Debug|Any CPU
		{A2BB49BA-846B-4318-A828-0B67C652D14D}.Release|Any CPU.ActiveCfg = Release|Any CPU
		{A2BB49BA-846B-4318-A828-0B67C652D14D}.Release|Any CPU.Build.0 = Release|Any CPU
		{DC1FD45F-7397-43A5-BCF5-4FB93B79AFF5}.Debug|Any CPU.ActiveCfg = Debug|Any CPU
		{DC1FD45F-7397-43A5-BCF5-4FB93B79AFF5}.Debug|Any CPU.Build.0 = Debug|Any CPU
		{DC1FD45F-7397-43A5-BCF5-4FB93B79AFF5}.Release|Any CPU.ActiveCfg = Release|Any CPU
		{DC1FD45F-7397-43A5-BCF5-4FB93B79AFF5}.Release|Any CPU.Build.0 = Release|Any CPU
		{56991B21-5D28-4E62-988F-E327B15C9CA7}.Debug|Any CPU.ActiveCfg = Debug|Any CPU
		{56991B21-5D28-4E62-988F-E327B15C9CA7}.Debug|Any CPU.Build.0 = Debug|Any CPU
		{56991B21-5D28-4E62-988F-E327B15C9CA7}.Release|Any CPU.ActiveCfg = Release|Any CPU
		{56991B21-5D28-4E62-988F-E327B15C9CA7}.Release|Any CPU.Build.0 = Release|Any CPU
		{98770A2C-F534-48CB-A6ED-C221599E9AA6}.Debug|Any CPU.ActiveCfg = Debug|Any CPU
		{98770A2C-F534-48CB-A6ED-C221599E9AA6}.Debug|Any CPU.Build.0 = Debug|Any CPU
		{98770A2C-F534-48CB-A6ED-C221599E9AA6}.Release|Any CPU.ActiveCfg = Release|Any CPU
		{98770A2C-F534-48CB-A6ED-C221599E9AA6}.Release|Any CPU.Build.0 = Release|Any CPU
	EndGlobalSection
	GlobalSection(SolutionProperties) = preSolution
		HideSolutionNode = FALSE
	EndGlobalSection
	GlobalSection(ExtensibilityGlobals) = postSolution
		SolutionGuid = {C419F182-F23E-4BA4-9A48-05F6F37FCA4A}
	EndGlobalSection
EndGlobal
