
Microsoft Visual Studio Solution File, Format Version 12.00
# Visual Studio Version 16
VisualStudioVersion = 16.0.30717.126
MinimumVisualStudioVersion = 10.0.40219.1
Project("{FAE04EC0-301F-11D3-BF4B-00C04F79EFBC}") = "01. NationalCourt", "01. NationalCourt\01. NationalCourt.csproj", "{F7B01902-21C4-455F-B4A6-872424346983}"
EndProject
Project("{FAE04EC0-301F-11D3-BF4B-00C04F79EFBC}") = "02. ShoppingList", "02. ShoppingList\02. ShoppingList.csproj", "{2B29E5FC-24CC-4BF0-9D61-1DA23BE0AF2B}"
EndProject
Project("{FAE04EC0-301F-11D3-BF4B-00C04F79EFBC}") = "03. HeartDelivery", "03. HeartDelivery\03. HeartDelivery.csproj", "{A055435A-F2BC-462C-BDD7-064C93A7167B}"
EndProject
Global
	GlobalSection(SolutionConfigurationPlatforms) = preSolution
		Debug|Any CPU = Debug|Any CPU
		Release|Any CPU = Release|Any CPU
	EndGlobalSection
	GlobalSection(ProjectConfigurationPlatforms) = postSolution
		{F7B01902-21C4-455F-B4A6-872424346983}.Debug|Any CPU.ActiveCfg = Debug|Any CPU
		{F7B01902-21C4-455F-B4A6-872424346983}.Debug|Any CPU.Build.0 = Debug|Any CPU
		{F7B01902-21C4-455F-B4A6-872424346983}.Release|Any CPU.ActiveCfg = Release|Any CPU
		{F7B01902-21C4-455F-B4A6-872424346983}.Release|Any CPU.Build.0 = Release|Any CPU
		{2B29E5FC-24CC-4BF0-9D61-1DA23BE0AF2B}.Debug|Any CPU.ActiveCfg = Debug|Any CPU
		{2B29E5FC-24CC-4BF0-9D61-1DA23BE0AF2B}.Debug|Any CPU.Build.0 = Debug|Any CPU
		{2B29E5FC-24CC-4BF0-9D61-1DA23BE0AF2B}.Release|Any CPU.ActiveCfg = Release|Any CPU
		{2B29E5FC-24CC-4BF0-9D61-1DA23BE0AF2B}.Release|Any CPU.Build.0 = Release|Any CPU
		{A055435A-F2BC-462C-BDD7-064C93A7167B}.Debug|Any CPU.ActiveCfg = Debug|Any CPU
		{A055435A-F2BC-462C-BDD7-064C93A7167B}.Debug|Any CPU.Build.0 = Debug|Any CPU
		{A055435A-F2BC-462C-BDD7-064C93A7167B}.Release|Any CPU.ActiveCfg = Release|Any CPU
		{A055435A-F2BC-462C-BDD7-064C93A7167B}.Release|Any CPU.Build.0 = Release|Any CPU
	EndGlobalSection
	GlobalSection(SolutionProperties) = preSolution
		HideSolutionNode = FALSE
	EndGlobalSection
	GlobalSection(ExtensibilityGlobals) = postSolution
		SolutionGuid = {6CE88887-424F-425E-BB51-7BC3FCB68DA8}
	EndGlobalSection
EndGlobal
