
Microsoft Visual Studio Solution File, Format Version 12.00
# Visual Studio Version 16
VisualStudioVersion = 16.0.30717.126
MinimumVisualStudioVersion = 10.0.40219.1
Project("{9A19103F-16F7-4668-BE54-9A1E7A4F7556}") = "01. CountChars", "01. CountChars\01. CountChars.csproj", "{1F0B5D87-38DB-4AE1-A9D1-A72C028B2363}"
EndProject
Project("{9A19103F-16F7-4668-BE54-9A1E7A4F7556}") = "02. MinerTask", "02. MinerTask\02. MinerTask.csproj", "{73E15C6C-2531-45F8-B321-64F0AD098473}"
EndProject
Project("{9A19103F-16F7-4668-BE54-9A1E7A4F7556}") = "03. LegendaryFarming", "03. LegendaryFarming\03. LegendaryFarming.csproj", "{E97E02D7-9EAC-40C0-9163-91BF87889759}"
EndProject
Project("{9A19103F-16F7-4668-BE54-9A1E7A4F7556}") = "04. Orders", "04. Orders\04. Orders.csproj", "{3B10A59D-CBBF-494B-9731-DBE145DEBB48}"
EndProject
Project("{9A19103F-16F7-4668-BE54-9A1E7A4F7556}") = "05. SoftUniParking", "05. SoftUniParking\05. SoftUniParking.csproj", "{8A7041DE-EF49-4C09-8AF5-343BECB91BB8}"
EndProject
Project("{9A19103F-16F7-4668-BE54-9A1E7A4F7556}") = "06. Courses", "06. Courses\06. Courses.csproj", "{1C59A10E-DE00-4484-A18A-84374D7F1CD3}"
EndProject
Project("{9A19103F-16F7-4668-BE54-9A1E7A4F7556}") = "07. StudentAcademy", "07. StudentAcademy\07. StudentAcademy.csproj", "{7DA52939-CE11-4931-98BD-63C28BAAAA80}"
EndProject
Project("{9A19103F-16F7-4668-BE54-9A1E7A4F7556}") = "08. CompanyUsers", "08. CompanyUsers\08. CompanyUsers.csproj", "{0450FCF5-30DD-4A68-8600-D4D9ED893F0F}"
EndProject
Project("{FAE04EC0-301F-11D3-BF4B-00C04F79EFBC}") = "09. ForceBook", "09. ForceBook\09. ForceBook.csproj", "{5E884D0C-3E43-4F52-AE66-BDC9793AE5AD}"
EndProject
Project("{FAE04EC0-301F-11D3-BF4B-00C04F79EFBC}") = "10. SoftUniExamResults", "10. SoftUniExamResults\10. SoftUniExamResults.csproj", "{0FEDF998-5BB7-4323-BA15-156D1910256B}"
EndProject
Global
	GlobalSection(SolutionConfigurationPlatforms) = preSolution
		Debug|Any CPU = Debug|Any CPU
		Release|Any CPU = Release|Any CPU
	EndGlobalSection
	GlobalSection(ProjectConfigurationPlatforms) = postSolution
		{1F0B5D87-38DB-4AE1-A9D1-A72C028B2363}.Debug|Any CPU.ActiveCfg = Debug|Any CPU
		{1F0B5D87-38DB-4AE1-A9D1-A72C028B2363}.Debug|Any CPU.Build.0 = Debug|Any CPU
		{1F0B5D87-38DB-4AE1-A9D1-A72C028B2363}.Release|Any CPU.ActiveCfg = Release|Any CPU
		{1F0B5D87-38DB-4AE1-A9D1-A72C028B2363}.Release|Any CPU.Build.0 = Release|Any CPU
		{73E15C6C-2531-45F8-B321-64F0AD098473}.Debug|Any CPU.ActiveCfg = Debug|Any CPU
		{73E15C6C-2531-45F8-B321-64F0AD098473}.Debug|Any CPU.Build.0 = Debug|Any CPU
		{73E15C6C-2531-45F8-B321-64F0AD098473}.Release|Any CPU.ActiveCfg = Release|Any CPU
		{73E15C6C-2531-45F8-B321-64F0AD098473}.Release|Any CPU.Build.0 = Release|Any CPU
		{E97E02D7-9EAC-40C0-9163-91BF87889759}.Debug|Any CPU.ActiveCfg = Debug|Any CPU
		{E97E02D7-9EAC-40C0-9163-91BF87889759}.Debug|Any CPU.Build.0 = Debug|Any CPU
		{E97E02D7-9EAC-40C0-9163-91BF87889759}.Release|Any CPU.ActiveCfg = Release|Any CPU
		{E97E02D7-9EAC-40C0-9163-91BF87889759}.Release|Any CPU.Build.0 = Release|Any CPU
		{3B10A59D-CBBF-494B-9731-DBE145DEBB48}.Debug|Any CPU.ActiveCfg = Debug|Any CPU
		{3B10A59D-CBBF-494B-9731-DBE145DEBB48}.Debug|Any CPU.Build.0 = Debug|Any CPU
		{3B10A59D-CBBF-494B-9731-DBE145DEBB48}.Release|Any CPU.ActiveCfg = Release|Any CPU
		{3B10A59D-CBBF-494B-9731-DBE145DEBB48}.Release|Any CPU.Build.0 = Release|Any CPU
		{8A7041DE-EF49-4C09-8AF5-343BECB91BB8}.Debug|Any CPU.ActiveCfg = Debug|Any CPU
		{8A7041DE-EF49-4C09-8AF5-343BECB91BB8}.Debug|Any CPU.Build.0 = Debug|Any CPU
		{8A7041DE-EF49-4C09-8AF5-343BECB91BB8}.Release|Any CPU.ActiveCfg = Release|Any CPU
		{8A7041DE-EF49-4C09-8AF5-343BECB91BB8}.Release|Any CPU.Build.0 = Release|Any CPU
		{1C59A10E-DE00-4484-A18A-84374D7F1CD3}.Debug|Any CPU.ActiveCfg = Debug|Any CPU
		{1C59A10E-DE00-4484-A18A-84374D7F1CD3}.Debug|Any CPU.Build.0 = Debug|Any CPU
		{1C59A10E-DE00-4484-A18A-84374D7F1CD3}.Release|Any CPU.ActiveCfg = Release|Any CPU
		{1C59A10E-DE00-4484-A18A-84374D7F1CD3}.Release|Any CPU.Build.0 = Release|Any CPU
		{7DA52939-CE11-4931-98BD-63C28BAAAA80}.Debug|Any CPU.ActiveCfg = Debug|Any CPU
		{7DA52939-CE11-4931-98BD-63C28BAAAA80}.Debug|Any CPU.Build.0 = Debug|Any CPU
		{7DA52939-CE11-4931-98BD-63C28BAAAA80}.Release|Any CPU.ActiveCfg = Release|Any CPU
		{7DA52939-CE11-4931-98BD-63C28BAAAA80}.Release|Any CPU.Build.0 = Release|Any CPU
		{0450FCF5-30DD-4A68-8600-D4D9ED893F0F}.Debug|Any CPU.ActiveCfg = Debug|Any CPU
		{0450FCF5-30DD-4A68-8600-D4D9ED893F0F}.Debug|Any CPU.Build.0 = Debug|Any CPU
		{0450FCF5-30DD-4A68-8600-D4D9ED893F0F}.Release|Any CPU.ActiveCfg = Release|Any CPU
		{0450FCF5-30DD-4A68-8600-D4D9ED893F0F}.Release|Any CPU.Build.0 = Release|Any CPU
		{5E884D0C-3E43-4F52-AE66-BDC9793AE5AD}.Debug|Any CPU.ActiveCfg = Debug|Any CPU
		{5E884D0C-3E43-4F52-AE66-BDC9793AE5AD}.Debug|Any CPU.Build.0 = Debug|Any CPU
		{5E884D0C-3E43-4F52-AE66-BDC9793AE5AD}.Release|Any CPU.ActiveCfg = Release|Any CPU
		{5E884D0C-3E43-4F52-AE66-BDC9793AE5AD}.Release|Any CPU.Build.0 = Release|Any CPU
		{0FEDF998-5BB7-4323-BA15-156D1910256B}.Debug|Any CPU.ActiveCfg = Debug|Any CPU
		{0FEDF998-5BB7-4323-BA15-156D1910256B}.Debug|Any CPU.Build.0 = Debug|Any CPU
		{0FEDF998-5BB7-4323-BA15-156D1910256B}.Release|Any CPU.ActiveCfg = Release|Any CPU
		{0FEDF998-5BB7-4323-BA15-156D1910256B}.Release|Any CPU.Build.0 = Release|Any CPU
	EndGlobalSection
	GlobalSection(SolutionProperties) = preSolution
		HideSolutionNode = FALSE
	EndGlobalSection
	GlobalSection(ExtensibilityGlobals) = postSolution
		SolutionGuid = {5A03A94A-8C5A-442B-8958-583812C908D3}
	EndGlobalSection
EndGlobal
