
Microsoft Visual Studio Solution File, Format Version 12.00
# Visual Studio Version 16
VisualStudioVersion = 16.0.30717.126
MinimumVisualStudioVersion = 10.0.40219.1
Project("{FAE04EC0-301F-11D3-BF4B-00C04F79EFBC}") = "01.SortNumbers", "01.SortNumbers\01.SortNumbers.csproj", "{17786061-4343-4256-9CE7-1E1969FBF8EF}"
EndProject
Project("{FAE04EC0-301F-11D3-BF4B-00C04F79EFBC}") = "02.EnglishNameLastDigit", "02.EnglishNameLastDigit\02.EnglishNameLastDigit.csproj", "{98750427-513C-46CD-AB7C-AEE77A3919E6}"
EndProject
Project("{FAE04EC0-301F-11D3-BF4B-00C04F79EFBC}") = "03.GamingStone", "03.GamingStone\03.GamingStone.csproj", "{EDA6207D-C17B-4D82-9D4A-811E1B5BF0DF}"
EndProject
Project("{FAE04EC0-301F-11D3-BF4B-00C04F79EFBC}") = "04.ReverseString", "04.ReverseString\04.ReverseString.csproj", "{EEF3F27D-971D-440E-9D2F-CC6D57F3D748}"
EndProject
Project("{FAE04EC0-301F-11D3-BF4B-00C04F79EFBC}") = "05.Messages", "05.Messages\05.Messages.csproj", "{37D1F413-2630-4886-8B0A-EFA0453408E1}"
EndProject
Global
	GlobalSection(SolutionConfigurationPlatforms) = preSolution
		Debug|Any CPU = Debug|Any CPU
		Release|Any CPU = Release|Any CPU
	EndGlobalSection
	GlobalSection(ProjectConfigurationPlatforms) = postSolution
		{17786061-4343-4256-9CE7-1E1969FBF8EF}.Debug|Any CPU.ActiveCfg = Debug|Any CPU
		{17786061-4343-4256-9CE7-1E1969FBF8EF}.Debug|Any CPU.Build.0 = Debug|Any CPU
		{17786061-4343-4256-9CE7-1E1969FBF8EF}.Release|Any CPU.ActiveCfg = Release|Any CPU
		{17786061-4343-4256-9CE7-1E1969FBF8EF}.Release|Any CPU.Build.0 = Release|Any CPU
		{98750427-513C-46CD-AB7C-AEE77A3919E6}.Debug|Any CPU.ActiveCfg = Debug|Any CPU
		{98750427-513C-46CD-AB7C-AEE77A3919E6}.Debug|Any CPU.Build.0 = Debug|Any CPU
		{98750427-513C-46CD-AB7C-AEE77A3919E6}.Release|Any CPU.ActiveCfg = Release|Any CPU
		{98750427-513C-46CD-AB7C-AEE77A3919E6}.Release|Any CPU.Build.0 = Release|Any CPU
		{EDA6207D-C17B-4D82-9D4A-811E1B5BF0DF}.Debug|Any CPU.ActiveCfg = Debug|Any CPU
		{EDA6207D-C17B-4D82-9D4A-811E1B5BF0DF}.Debug|Any CPU.Build.0 = Debug|Any CPU
		{EDA6207D-C17B-4D82-9D4A-811E1B5BF0DF}.Release|Any CPU.ActiveCfg = Release|Any CPU
		{EDA6207D-C17B-4D82-9D4A-811E1B5BF0DF}.Release|Any CPU.Build.0 = Release|Any CPU
		{EEF3F27D-971D-440E-9D2F-CC6D57F3D748}.Debug|Any CPU.ActiveCfg = Debug|Any CPU
		{EEF3F27D-971D-440E-9D2F-CC6D57F3D748}.Debug|Any CPU.Build.0 = Debug|Any CPU
		{EEF3F27D-971D-440E-9D2F-CC6D57F3D748}.Release|Any CPU.ActiveCfg = Release|Any CPU
		{EEF3F27D-971D-440E-9D2F-CC6D57F3D748}.Release|Any CPU.Build.0 = Release|Any CPU
		{37D1F413-2630-4886-8B0A-EFA0453408E1}.Debug|Any CPU.ActiveCfg = Debug|Any CPU
		{37D1F413-2630-4886-8B0A-EFA0453408E1}.Debug|Any CPU.Build.0 = Debug|Any CPU
		{37D1F413-2630-4886-8B0A-EFA0453408E1}.Release|Any CPU.ActiveCfg = Release|Any CPU
		{37D1F413-2630-4886-8B0A-EFA0453408E1}.Release|Any CPU.Build.0 = Release|Any CPU
	EndGlobalSection
	GlobalSection(SolutionProperties) = preSolution
		HideSolutionNode = FALSE
	EndGlobalSection
	GlobalSection(ExtensibilityGlobals) = postSolution
		SolutionGuid = {A8D90FF1-F5B8-4FC7-9FF3-293FC774D939}
	EndGlobalSection
EndGlobal
