
Microsoft Visual Studio Solution File, Format Version 12.00
# Visual Studio Version 16
VisualStudioVersion = 16.0.30717.126
MinimumVisualStudioVersion = 10.0.40219.1
Project("{FAE04EC0-301F-11D3-BF4B-00C04F79EFBC}") = "01. CompanyRoaster", "01. CompanyRoaster\01. CompanyRoaster.csproj", "{32102AA1-A35D-449A-A8A5-B794C737A785}"
EndProject
Project("{FAE04EC0-301F-11D3-BF4B-00C04F79EFBC}") = "02. OldestFamilyMember", "02. OldestFamilyMember\02. OldestFamilyMember.csproj", "{D2D7A947-5EA8-4E4B-A94A-7A78EAEA8917}"
EndProject
Global
	GlobalSection(SolutionConfigurationPlatforms) = preSolution
		Debug|Any CPU = Debug|Any CPU
		Release|Any CPU = Release|Any CPU
	EndGlobalSection
	GlobalSection(ProjectConfigurationPlatforms) = postSolution
		{32102AA1-A35D-449A-A8A5-B794C737A785}.Debug|Any CPU.ActiveCfg = Debug|Any CPU
		{32102AA1-A35D-449A-A8A5-B794C737A785}.Debug|Any CPU.Build.0 = Debug|Any CPU
		{32102AA1-A35D-449A-A8A5-B794C737A785}.Release|Any CPU.ActiveCfg = Release|Any CPU
		{32102AA1-A35D-449A-A8A5-B794C737A785}.Release|Any CPU.Build.0 = Release|Any CPU
		{D2D7A947-5EA8-4E4B-A94A-7A78EAEA8917}.Debug|Any CPU.ActiveCfg = Debug|Any CPU
		{D2D7A947-5EA8-4E4B-A94A-7A78EAEA8917}.Debug|Any CPU.Build.0 = Debug|Any CPU
		{D2D7A947-5EA8-4E4B-A94A-7A78EAEA8917}.Release|Any CPU.ActiveCfg = Release|Any CPU
		{D2D7A947-5EA8-4E4B-A94A-7A78EAEA8917}.Release|Any CPU.Build.0 = Release|Any CPU
	EndGlobalSection
	GlobalSection(SolutionProperties) = preSolution
		HideSolutionNode = FALSE
	EndGlobalSection
	GlobalSection(ExtensibilityGlobals) = postSolution
		SolutionGuid = {1690EBC0-CDC0-406A-B946-5D993E0E34C7}
	EndGlobalSection
EndGlobal
