
Microsoft Visual Studio Solution File, Format Version 12.00
# Visual Studio Version 16
VisualStudioVersion = 16.0.30717.126
MinimumVisualStudioVersion = 10.0.40219.1
Project("{FAE04EC0-301F-11D3-BF4B-00C04F79EFBC}") = "01. SecretChat", "01. SecretChat\01. SecretChat.csproj", "{C8B3A2F5-06AF-4C8D-BC6C-C6573A5583CD}"
EndProject
Project("{FAE04EC0-301F-11D3-BF4B-00C04F79EFBC}") = "02. MirrorWords", "02. MirrorWords\02. MirrorWords.csproj", "{AD7FABA5-9BD6-475F-85B7-22C698C712AB}"
EndProject
Project("{FAE04EC0-301F-11D3-BF4B-00C04F79EFBC}") = "03. NeedForSpeed3", "03. NeedForSpeed3\03. NeedForSpeed3.csproj", "{FA3D541C-B39B-4C3B-8162-DEC774751EE3}"
EndProject
Global
	GlobalSection(SolutionConfigurationPlatforms) = preSolution
		Debug|Any CPU = Debug|Any CPU
		Release|Any CPU = Release|Any CPU
	EndGlobalSection
	GlobalSection(ProjectConfigurationPlatforms) = postSolution
		{C8B3A2F5-06AF-4C8D-BC6C-C6573A5583CD}.Debug|Any CPU.ActiveCfg = Debug|Any CPU
		{C8B3A2F5-06AF-4C8D-BC6C-C6573A5583CD}.Debug|Any CPU.Build.0 = Debug|Any CPU
		{C8B3A2F5-06AF-4C8D-BC6C-C6573A5583CD}.Release|Any CPU.ActiveCfg = Release|Any CPU
		{C8B3A2F5-06AF-4C8D-BC6C-C6573A5583CD}.Release|Any CPU.Build.0 = Release|Any CPU
		{AD7FABA5-9BD6-475F-85B7-22C698C712AB}.Debug|Any CPU.ActiveCfg = Debug|Any CPU
		{AD7FABA5-9BD6-475F-85B7-22C698C712AB}.Debug|Any CPU.Build.0 = Debug|Any CPU
		{AD7FABA5-9BD6-475F-85B7-22C698C712AB}.Release|Any CPU.ActiveCfg = Release|Any CPU
		{AD7FABA5-9BD6-475F-85B7-22C698C712AB}.Release|Any CPU.Build.0 = Release|Any CPU
		{FA3D541C-B39B-4C3B-8162-DEC774751EE3}.Debug|Any CPU.ActiveCfg = Debug|Any CPU
		{FA3D541C-B39B-4C3B-8162-DEC774751EE3}.Debug|Any CPU.Build.0 = Debug|Any CPU
		{FA3D541C-B39B-4C3B-8162-DEC774751EE3}.Release|Any CPU.ActiveCfg = Release|Any CPU
		{FA3D541C-B39B-4C3B-8162-DEC774751EE3}.Release|Any CPU.Build.0 = Release|Any CPU
	EndGlobalSection
	GlobalSection(SolutionProperties) = preSolution
		HideSolutionNode = FALSE
	EndGlobalSection
	GlobalSection(ExtensibilityGlobals) = postSolution
		SolutionGuid = {F5322C0E-ACF6-4CC5-927E-977DE7B624EA}
	EndGlobalSection
EndGlobal
