
Microsoft Visual Studio Solution File, Format Version 12.00
# Visual Studio Version 16
VisualStudioVersion = 16.0.30717.126
MinimumVisualStudioVersion = 10.0.40219.1
Project("{9A19103F-16F7-4668-BE54-9A1E7A4F7556}") = "01.MetersToKilometers", "01.MetersToKilometers\01.MetersToKilometers.csproj", "{8B6167D5-45AA-442C-B5DB-4A2EEFB47E0A}"
EndProject
Project("{9A19103F-16F7-4668-BE54-9A1E7A4F7556}") = "02.PoundsToDollars", "02.PoundsToDollars\02.PoundsToDollars.csproj", "{1E55ED80-54D5-4568-A12B-D54A64F7AB81}"
EndProject
Project("{9A19103F-16F7-4668-BE54-9A1E7A4F7556}") = "03.ExactSumRealNumbers", "03.ExactSumRealNumbers\03.ExactSumRealNumbers.csproj", "{AAD70649-AE57-4102-9C82-153FC8D01FC4}"
EndProject
Project("{FAE04EC0-301F-11D3-BF4B-00C04F79EFBC}") = "04.CenturiesToMinutes", "04.CenturiesToMinutes\04.CenturiesToMinutes.csproj", "{47295C9A-9336-4B3D-AF46-818F46A95825}"
EndProject
Project("{FAE04EC0-301F-11D3-BF4B-00C04F79EFBC}") = "05.SpecialNumbers", "05.SpecialNumbers\05.SpecialNumbers.csproj", "{F61B642B-DEE5-43F9-BE44-A22AF07E4B8B}"
EndProject
Project("{FAE04EC0-301F-11D3-BF4B-00C04F79EFBC}") = "06.ReversedChars", "06.ReversedChars\06.ReversedChars.csproj", "{1233CEB7-01C2-4606-93E4-6019872F7C57}"
EndProject
Project("{FAE04EC0-301F-11D3-BF4B-00C04F79EFBC}") = "07.ConcatNames", "07.ConcatNames\07.ConcatNames.csproj", "{70C3C744-F6C2-40F4-B3B3-D8033FA7736B}"
EndProject
Project("{FAE04EC0-301F-11D3-BF4B-00C04F79EFBC}") = "08.TownInfo", "08.TownInfo\08.TownInfo.csproj", "{B8320EBE-7DAD-4024-A777-73F9A54FD4E1}"
EndProject
Project("{FAE04EC0-301F-11D3-BF4B-00C04F79EFBC}") = "09.CharsToString", "09.CharsToString\09.CharsToString.csproj", "{701CB605-429F-4249-AA4F-2DC133A6081E}"
EndProject
Project("{FAE04EC0-301F-11D3-BF4B-00C04F79EFBC}") = "10.LowerToUpper", "10.LowerToUpper\10.LowerToUpper.csproj", "{6BED27B6-4399-49CD-95BD-B6469A6A200E}"
EndProject
Project("{FAE04EC0-301F-11D3-BF4B-00C04F79EFBC}") = "11.RefactorVolumeOfPyramid", "11.RefactorVolumeOfPyramid\11.RefactorVolumeOfPyramid.csproj", "{5FDF2206-B0CA-47C3-A4B9-AC4321089E58}"
EndProject
Project("{FAE04EC0-301F-11D3-BF4B-00C04F79EFBC}") = "12.RefactorSpecialNumbers", "12.RefactorSpecialNumbers\12.RefactorSpecialNumbers.csproj", "{2F5906C2-5D02-4B01-B025-A3D08E38563A}"
EndProject
Global
	GlobalSection(SolutionConfigurationPlatforms) = preSolution
		Debug|Any CPU = Debug|Any CPU
		Release|Any CPU = Release|Any CPU
	EndGlobalSection
	GlobalSection(ProjectConfigurationPlatforms) = postSolution
		{8B6167D5-45AA-442C-B5DB-4A2EEFB47E0A}.Debug|Any CPU.ActiveCfg = Debug|Any CPU
		{8B6167D5-45AA-442C-B5DB-4A2EEFB47E0A}.Debug|Any CPU.Build.0 = Debug|Any CPU
		{8B6167D5-45AA-442C-B5DB-4A2EEFB47E0A}.Release|Any CPU.ActiveCfg = Release|Any CPU
		{8B6167D5-45AA-442C-B5DB-4A2EEFB47E0A}.Release|Any CPU.Build.0 = Release|Any CPU
		{1E55ED80-54D5-4568-A12B-D54A64F7AB81}.Debug|Any CPU.ActiveCfg = Debug|Any CPU
		{1E55ED80-54D5-4568-A12B-D54A64F7AB81}.Debug|Any CPU.Build.0 = Debug|Any CPU
		{1E55ED80-54D5-4568-A12B-D54A64F7AB81}.Release|Any CPU.ActiveCfg = Release|Any CPU
		{1E55ED80-54D5-4568-A12B-D54A64F7AB81}.Release|Any CPU.Build.0 = Release|Any CPU
		{AAD70649-AE57-4102-9C82-153FC8D01FC4}.Debug|Any CPU.ActiveCfg = Debug|Any CPU
		{AAD70649-AE57-4102-9C82-153FC8D01FC4}.Debug|Any CPU.Build.0 = Debug|Any CPU
		{AAD70649-AE57-4102-9C82-153FC8D01FC4}.Release|Any CPU.ActiveCfg = Release|Any CPU
		{AAD70649-AE57-4102-9C82-153FC8D01FC4}.Release|Any CPU.Build.0 = Release|Any CPU
		{47295C9A-9336-4B3D-AF46-818F46A95825}.Debug|Any CPU.ActiveCfg = Debug|Any CPU
		{47295C9A-9336-4B3D-AF46-818F46A95825}.Debug|Any CPU.Build.0 = Debug|Any CPU
		{47295C9A-9336-4B3D-AF46-818F46A95825}.Release|Any CPU.ActiveCfg = Release|Any CPU
		{47295C9A-9336-4B3D-AF46-818F46A95825}.Release|Any CPU.Build.0 = Release|Any CPU
		{F61B642B-DEE5-43F9-BE44-A22AF07E4B8B}.Debug|Any CPU.ActiveCfg = Debug|Any CPU
		{F61B642B-DEE5-43F9-BE44-A22AF07E4B8B}.Debug|Any CPU.Build.0 = Debug|Any CPU
		{F61B642B-DEE5-43F9-BE44-A22AF07E4B8B}.Release|Any CPU.ActiveCfg = Release|Any CPU
		{F61B642B-DEE5-43F9-BE44-A22AF07E4B8B}.Release|Any CPU.Build.0 = Release|Any CPU
		{1233CEB7-01C2-4606-93E4-6019872F7C57}.Debug|Any CPU.ActiveCfg = Debug|Any CPU
		{1233CEB7-01C2-4606-93E4-6019872F7C57}.Debug|Any CPU.Build.0 = Debug|Any CPU
		{1233CEB7-01C2-4606-93E4-6019872F7C57}.Release|Any CPU.ActiveCfg = Release|Any CPU
		{1233CEB7-01C2-4606-93E4-6019872F7C57}.Release|Any CPU.Build.0 = Release|Any CPU
		{70C3C744-F6C2-40F4-B3B3-D8033FA7736B}.Debug|Any CPU.ActiveCfg = Debug|Any CPU
		{70C3C744-F6C2-40F4-B3B3-D8033FA7736B}.Debug|Any CPU.Build.0 = Debug|Any CPU
		{70C3C744-F6C2-40F4-B3B3-D8033FA7736B}.Release|Any CPU.ActiveCfg = Release|Any CPU
		{70C3C744-F6C2-40F4-B3B3-D8033FA7736B}.Release|Any CPU.Build.0 = Release|Any CPU
		{B8320EBE-7DAD-4024-A777-73F9A54FD4E1}.Debug|Any CPU.ActiveCfg = Debug|Any CPU
		{B8320EBE-7DAD-4024-A777-73F9A54FD4E1}.Debug|Any CPU.Build.0 = Debug|Any CPU
		{B8320EBE-7DAD-4024-A777-73F9A54FD4E1}.Release|Any CPU.ActiveCfg = Release|Any CPU
		{B8320EBE-7DAD-4024-A777-73F9A54FD4E1}.Release|Any CPU.Build.0 = Release|Any CPU
		{701CB605-429F-4249-AA4F-2DC133A6081E}.Debug|Any CPU.ActiveCfg = Debug|Any CPU
		{701CB605-429F-4249-AA4F-2DC133A6081E}.Debug|Any CPU.Build.0 = Debug|Any CPU
		{701CB605-429F-4249-AA4F-2DC133A6081E}.Release|Any CPU.ActiveCfg = Release|Any CPU
		{701CB605-429F-4249-AA4F-2DC133A6081E}.Release|Any CPU.Build.0 = Release|Any CPU
		{6BED27B6-4399-49CD-95BD-B6469A6A200E}.Debug|Any CPU.ActiveCfg = Debug|Any CPU
		{6BED27B6-4399-49CD-95BD-B6469A6A200E}.Debug|Any CPU.Build.0 = Debug|Any CPU
		{6BED27B6-4399-49CD-95BD-B6469A6A200E}.Release|Any CPU.ActiveCfg = Release|Any CPU
		{6BED27B6-4399-49CD-95BD-B6469A6A200E}.Release|Any CPU.Build.0 = Release|Any CPU
		{5FDF2206-B0CA-47C3-A4B9-AC4321089E58}.Debug|Any CPU.ActiveCfg = Debug|Any CPU
		{5FDF2206-B0CA-47C3-A4B9-AC4321089E58}.Debug|Any CPU.Build.0 = Debug|Any CPU
		{5FDF2206-B0CA-47C3-A4B9-AC4321089E58}.Release|Any CPU.ActiveCfg = Release|Any CPU
		{5FDF2206-B0CA-47C3-A4B9-AC4321089E58}.Release|Any CPU.Build.0 = Release|Any CPU
		{2F5906C2-5D02-4B01-B025-A3D08E38563A}.Debug|Any CPU.ActiveCfg = Debug|Any CPU
		{2F5906C2-5D02-4B01-B025-A3D08E38563A}.Debug|Any CPU.Build.0 = Debug|Any CPU
		{2F5906C2-5D02-4B01-B025-A3D08E38563A}.Release|Any CPU.ActiveCfg = Release|Any CPU
		{2F5906C2-5D02-4B01-B025-A3D08E38563A}.Release|Any CPU.Build.0 = Release|Any CPU
	EndGlobalSection
	GlobalSection(SolutionProperties) = preSolution
		HideSolutionNode = FALSE
	EndGlobalSection
	GlobalSection(ExtensibilityGlobals) = postSolution
		SolutionGuid = {472AEEAF-3B09-4F0D-AC54-FAAB9F8E941C}
	EndGlobalSection
EndGlobal
