
Microsoft Visual Studio Solution File, Format Version 12.00
# Visual Studio Version 16
VisualStudioVersion = 16.0.30717.126
MinimumVisualStudioVersion = 10.0.40219.1
Project("{FAE04EC0-301F-11D3-BF4B-00C04F79EFBC}") = "01. CountRealNumbers", "01. CountRealNumbers\01. CountRealNumbers.csproj", "{8459CA05-7C5F-4BDD-961B-2DE610664D28}"
EndProject
Project("{FAE04EC0-301F-11D3-BF4B-00C04F79EFBC}") = "02. OddOccurrences", "02. OddOccurrences\02. OddOccurrences.csproj", "{A9A6C3CD-1E30-4506-8103-095734E9E8FA}"
EndProject
Project("{FAE04EC0-301F-11D3-BF4B-00C04F79EFBC}") = "03. WordSynonyms", "03. WordSynonyms\03. WordSynonyms.csproj", "{6003A9DC-B3EF-4522-8E85-14DA86D89BEE}"
EndProject
Project("{FAE04EC0-301F-11D3-BF4B-00C04F79EFBC}") = "04. Largest3Numbers", "04. Largest3Numbers\04. Largest3Numbers.csproj", "{D666567B-BD2D-4A9A-AC81-45FBE4E574FB}"
EndProject
Project("{FAE04EC0-301F-11D3-BF4B-00C04F79EFBC}") = "05. WordFilter", "05. WordFilter\05. WordFilter.csproj", "{9B183C8E-BE92-494E-A2A2-460C957B4B54}"
EndProject
Global
	GlobalSection(SolutionConfigurationPlatforms) = preSolution
		Debug|Any CPU = Debug|Any CPU
		Release|Any CPU = Release|Any CPU
	EndGlobalSection
	GlobalSection(ProjectConfigurationPlatforms) = postSolution
		{8459CA05-7C5F-4BDD-961B-2DE610664D28}.Debug|Any CPU.ActiveCfg = Debug|Any CPU
		{8459CA05-7C5F-4BDD-961B-2DE610664D28}.Debug|Any CPU.Build.0 = Debug|Any CPU
		{8459CA05-7C5F-4BDD-961B-2DE610664D28}.Release|Any CPU.ActiveCfg = Release|Any CPU
		{8459CA05-7C5F-4BDD-961B-2DE610664D28}.Release|Any CPU.Build.0 = Release|Any CPU
		{A9A6C3CD-1E30-4506-8103-095734E9E8FA}.Debug|Any CPU.ActiveCfg = Debug|Any CPU
		{A9A6C3CD-1E30-4506-8103-095734E9E8FA}.Debug|Any CPU.Build.0 = Debug|Any CPU
		{A9A6C3CD-1E30-4506-8103-095734E9E8FA}.Release|Any CPU.ActiveCfg = Release|Any CPU
		{A9A6C3CD-1E30-4506-8103-095734E9E8FA}.Release|Any CPU.Build.0 = Release|Any CPU
		{6003A9DC-B3EF-4522-8E85-14DA86D89BEE}.Debug|Any CPU.ActiveCfg = Debug|Any CPU
		{6003A9DC-B3EF-4522-8E85-14DA86D89BEE}.Debug|Any CPU.Build.0 = Debug|Any CPU
		{6003A9DC-B3EF-4522-8E85-14DA86D89BEE}.Release|Any CPU.ActiveCfg = Release|Any CPU
		{6003A9DC-B3EF-4522-8E85-14DA86D89BEE}.Release|Any CPU.Build.0 = Release|Any CPU
		{D666567B-BD2D-4A9A-AC81-45FBE4E574FB}.Debug|Any CPU.ActiveCfg = Debug|Any CPU
		{D666567B-BD2D-4A9A-AC81-45FBE4E574FB}.Debug|Any CPU.Build.0 = Debug|Any CPU
		{D666567B-BD2D-4A9A-AC81-45FBE4E574FB}.Release|Any CPU.ActiveCfg = Release|Any CPU
		{D666567B-BD2D-4A9A-AC81-45FBE4E574FB}.Release|Any CPU.Build.0 = Release|Any CPU
		{9B183C8E-BE92-494E-A2A2-460C957B4B54}.Debug|Any CPU.ActiveCfg = Debug|Any CPU
		{9B183C8E-BE92-494E-A2A2-460C957B4B54}.Debug|Any CPU.Build.0 = Debug|Any CPU
		{9B183C8E-BE92-494E-A2A2-460C957B4B54}.Release|Any CPU.ActiveCfg = Release|Any CPU
		{9B183C8E-BE92-494E-A2A2-460C957B4B54}.Release|Any CPU.Build.0 = Release|Any CPU
	EndGlobalSection
	GlobalSection(SolutionProperties) = preSolution
		HideSolutionNode = FALSE
	EndGlobalSection
	GlobalSection(ExtensibilityGlobals) = postSolution
		SolutionGuid = {ED117FA0-B812-445E-908F-B7AF1F3BD960}
	EndGlobalSection
EndGlobal
